// !$*UTF8*$!
{
	archiveVersion = 1;
	classes = {
	};
	objectVersion = 77;
	objects = {

/* Begin PBXContainerItemProxy section */
		BF292FB92D0B477800BED4EC /* PBXContainerItemProxy */ = {
			isa = PBXContainerItemProxy;
			containerPortal = BF292FA02D0B477500BED4EC /* Project object */;
			proxyType = 1;
			remoteGlobalIDString = BF292FA72D0B477500BED4EC;
			remoteInfo = FetchInterviewApp;
		};
		BF292FC32D0B477800BED4EC /* PBXContainerItemProxy */ = {
			isa = PBXContainerItemProxy;
			containerPortal = BF292FA02D0B477500BED4EC /* Project object */;
			proxyType = 1;
			remoteGlobalIDString = BF292FA72D0B477500BED4EC;
			remoteInfo = FetchInterviewApp;
		};
/* End PBXContainerItemProxy section */

/* Begin PBXFileReference section */
		BF292FA82D0B477500BED4EC /* FetchInterviewApp.app */ = {isa = PBXFileReference; explicitFileType = wrapper.application; includeInIndex = 0; path = FetchInterviewApp.app; sourceTree = BUILT_PRODUCTS_DIR; };
		BF292FB82D0B477800BED4EC /* FetchInterviewAppTests.xctest */ = {isa = PBXFileReference; explicitFileType = wrapper.cfbundle; includeInIndex = 0; path = FetchInterviewAppTests.xctest; sourceTree = BUILT_PRODUCTS_DIR; };
		BF292FC22D0B477800BED4EC /* FetchInterviewAppUITests.xctest */ = {isa = PBXFileReference; explicitFileType = wrapper.cfbundle; includeInIndex = 0; path = FetchInterviewAppUITests.xctest; sourceTree = BUILT_PRODUCTS_DIR; };
/* End PBXFileReference section */

/* Begin PBXFileSystemSynchronizedRootGroup section */
		BF292FAA2D0B477500BED4EC /* FetchInterviewApp */ = {
			isa = PBXFileSystemSynchronizedRootGroup;
			path = FetchInterviewApp;
			sourceTree = "<group>";
		};
		BF292FBB2D0B477800BED4EC /* FetchInterviewAppTests */ = {
			isa = PBXFileSystemSynchronizedRootGroup;
			path = FetchInterviewAppTests;
			sourceTree = "<group>";
		};
		BF292FC52D0B477800BED4EC /* FetchInterviewAppUITests */ = {
			isa = PBXFileSystemSynchronizedRootGroup;
			path = FetchInterviewAppUITests;
			sourceTree = "<group>";
		};
/* End PBXFileSystemSynchronizedRootGroup section */

/* Begin PBXFrameworksBuildPhase section */
		BF292FA52D0B477500BED4EC /* Frameworks */ = {
			isa = PBXFrameworksBuildPhase;
			buildActionMask = 2147483647;
			files = (
			);
			runOnlyForDeploymentPostprocessing = 0;
		};
		BF292FB52D0B477800BED4EC /* Frameworks */ = {
			isa = PBXFrameworksBuildPhase;
			buildActionMask = 2147483647;
			files = (
			);
			runOnlyForDeploymentPostprocessing = 0;
		};
		BF292FBF2D0B477800BED4EC /* Frameworks */ = {
			isa = PBXFrameworksBuildPhase;
			buildActionMask = 2147483647;
			files = (
			);
			runOnlyForDeploymentPostprocessing = 0;
		};
/* End PBXFrameworksBuildPhase section */

/* Begin PBXGroup section */
		BF292F9F2D0B477500BED4EC = {
			isa = PBXGroup;
			children = (
				BF292FAA2D0B477500BED4EC /* FetchInterviewApp */,
				BF292FBB2D0B477800BED4EC /* FetchInterviewAppTests */,
				BF292FC52D0B477800BED4EC /* FetchInterviewAppUITests */,
				BF292FA92D0B477500BED4EC /* Products */,
			);
			sourceTree = "<group>";
		};
		BF292FA92D0B477500BED4EC /* Products */ = {
			isa = PBXGroup;
			children = (
				BF292FA82D0B477500BED4EC /* FetchInterviewApp.app */,
				BF292FB82D0B477800BED4EC /* FetchInterviewAppTests.xctest */,
				BF292FC22D0B477800BED4EC /* FetchInterviewAppUITests.xctest */,
			);
			name = Products;
			sourceTree = "<group>";
		};
/* End PBXGroup section */

/* Begin PBXNativeTarget section */
		BF292FA72D0B477500BED4EC /* FetchInterviewApp */ = {
			isa = PBXNativeTarget;
			buildConfigurationList = BF292FCC2D0B477800BED4EC /* Build configuration list for PBXNativeTarget "FetchInterviewApp" */;
			buildPhases = (
				BF292FA42D0B477500BED4EC /* Sources */,
				BF292FA52D0B477500BED4EC /* Frameworks */,
				BF292FA62D0B477500BED4EC /* Resources */,
			);
			buildRules = (
			);
			dependencies = (
			);
			fileSystemSynchronizedGroups = (
				BF292FAA2D0B477500BED4EC /* FetchInterviewApp */,
			);
			name = FetchInterviewApp;
			packageProductDependencies = (
			);
			productName = FetchInterviewApp;
			productReference = BF292FA82D0B477500BED4EC /* FetchInterviewApp.app */;
			productType = "com.apple.product-type.application";
		};
		BF292FB72D0B477800BED4EC /* FetchInterviewAppTests */ = {
			isa = PBXNativeTarget;
			buildConfigurationList = BF292FCF2D0B477800BED4EC /* Build configuration list for PBXNativeTarget "FetchInterviewAppTests" */;
			buildPhases = (
				BF292FB42D0B477800BED4EC /* Sources */,
				BF292FB52D0B477800BED4EC /* Frameworks */,
				BF292FB62D0B477800BED4EC /* Resources */,
			);
			buildRules = (
			);
			dependencies = (
				BF292FBA2D0B477800BED4EC /* PBXTargetDependency */,
			);
			fileSystemSynchronizedGroups = (
				BF292FBB2D0B477800BED4EC /* FetchInterviewAppTests */,
			);
			name = FetchInterviewAppTests;
			packageProductDependencies = (
			);
			productName = FetchInterviewAppTests;
			productReference = BF292FB82D0B477800BED4EC /* FetchInterviewAppTests.xctest */;
			productType = "com.apple.product-type.bundle.unit-test";
		};
		BF292FC12D0B477800BED4EC /* FetchInterviewAppUITests */ = {
			isa = PBXNativeTarget;
			buildConfigurationList = BF292FD22D0B477800BED4EC /* Build configuration list for PBXNativeTarget "FetchInterviewAppUITests" */;
			buildPhases = (
				BF292FBE2D0B477800BED4EC /* Sources */,
				BF292FBF2D0B477800BED4EC /* Frameworks */,
				BF292FC02D0B477800BED4EC /* Resources */,
			);
			buildRules = (
			);
			dependencies = (
				BF292FC42D0B477800BED4EC /* PBXTargetDependency */,
			);
			fileSystemSynchronizedGroups = (
				BF292FC52D0B477800BED4EC /* FetchInterviewAppUITests */,
			);
			name = FetchInterviewAppUITests;
			packageProductDependencies = (
			);
			productName = FetchInterviewAppUITests;
			productReference = BF292FC22D0B477800BED4EC /* FetchInterviewAppUITests.xctest */;
			productType = "com.apple.product-type.bundle.ui-testing";
		};
/* End PBXNativeTarget section */

/* Begin PBXProject section */
		BF292FA02D0B477500BED4EC /* Project object */ = {
			isa = PBXProject;
			attributes = {
				BuildIndependentTargetsInParallel = 1;
				LastSwiftUpdateCheck = 1610;
				LastUpgradeCheck = 1610;
				TargetAttributes = {
					BF292FA72D0B477500BED4EC = {
						CreatedOnToolsVersion = 16.1;
					};
					BF292FB72D0B477800BED4EC = {
						CreatedOnToolsVersion = 16.1;
						TestTargetID = BF292FA72D0B477500BED4EC;
					};
					BF292FC12D0B477800BED4EC = {
						CreatedOnToolsVersion = 16.1;
						TestTargetID = BF292FA72D0B477500BED4EC;
					};
				};
			};
			buildConfigurationList = BF292FA32D0B477500BED4EC /* Build configuration list for PBXProject "FetchInterviewApp" */;
			developmentRegion = en;
			hasScannedForEncodings = 0;
			knownRegions = (
				en,
				Base,
			);
			mainGroup = BF292F9F2D0B477500BED4EC;
			minimizedProjectReferenceProxies = 1;
			preferredProjectObjectVersion = 77;
			productRefGroup = BF292FA92D0B477500BED4EC /* Products */;
			projectDirPath = "";
			projectRoot = "";
			targets = (
				BF292FA72D0B477500BED4EC /* FetchInterviewApp */,
				BF292FB72D0B477800BED4EC /* FetchInterviewAppTests */,
				BF292FC12D0B477800BED4EC /* FetchInterviewAppUITests */,
			);
		};
/* End PBXProject section */

/* Begin PBXResourcesBuildPhase section */
		BF292FA62D0B477500BED4EC /* Resources */ = {
			isa = PBXResourcesBuildPhase;
			buildActionMask = 2147483647;
			files = (
			);
			runOnlyForDeploymentPostprocessing = 0;
		};
		BF292FB62D0B477800BED4EC /* Resources */ = {
			isa = PBXResourcesBuildPhase;
			buildActionMask = 2147483647;
			files = (
			);
			runOnlyForDeploymentPostprocessing = 0;
		};
		BF292FC02D0B477800BED4EC /* Resources */ = {
			isa = PBXResourcesBuildPhase;
			buildActionMask = 2147483647;
			files = (
			);
			runOnlyForDeploymentPostprocessing = 0;
		};
/* End PBXResourcesBuildPhase section */

/* Begin PBXSourcesBuildPhase section */
		BF292FA42D0B477500BED4EC /* Sources */ = {
			isa = PBXSourcesBuildPhase;
			buildActionMask = 2147483647;
			files = (
			);
			runOnlyForDeploymentPostprocessing = 0;
		};
		BF292FB42D0B477800BED4EC /* Sources */ = {
			isa = PBXSourcesBuildPhase;
			buildActionMask = 2147483647;
			files = (
			);
			runOnlyForDeploymentPostprocessing = 0;
		};
		BF292FBE2D0B477800BED4EC /* Sources */ = {
			isa = PBXSourcesBuildPhase;
			buildActionMask = 2147483647;
			files = (
			);
			runOnlyForDeploymentPostprocessing = 0;
		};
/* End PBXSourcesBuildPhase section */

/* Begin PBXTargetDependency section */
		BF292FBA2D0B477800BED4EC /* PBXTargetDependency */ = {
			isa = PBXTargetDependency;
			target = BF292FA72D0B477500BED4EC /* FetchInterviewApp */;
			targetProxy = BF292FB92D0B477800BED4EC /* PBXContainerItemProxy */;
		};
		BF292FC42D0B477800BED4EC /* PBXTargetDependency */ = {
			isa = PBXTargetDependency;
			target = BF292FA72D0B477500BED4EC /* FetchInterviewApp */;
			targetProxy = BF292FC32D0B477800BED4EC /* PBXContainerItemProxy */;
		};
/* End PBXTargetDependency section */

/* Begin XCBuildConfiguration section */
		BF292FCA2D0B477800BED4EC /* Debug */ = {
			isa = XCBuildConfiguration;
			buildSettings = {
				ALWAYS_SEARCH_USER_PATHS = NO;
				ASSETCATALOG_COMPILER_GENERATE_SWIFT_ASSET_SYMBOL_EXTENSIONS = YES;
				CLANG_ANALYZER_NONNULL = YES;
				CLANG_ANALYZER_NUMBER_OBJECT_CONVERSION = YES_AGGRESSIVE;
				CLANG_CXX_LANGUAGE_STANDARD = "gnu++20";
				CLANG_ENABLE_MODULES = YES;
				CLANG_ENABLE_OBJC_ARC = YES;
				CLANG_ENABLE_OBJC_WEAK = YES;
				CLANG_WARN_BLOCK_CAPTURE_AUTORELEASING = YES;
				CLANG_WARN_BOOL_CONVERSION = YES;
				CLANG_WARN_COMMA = YES;
				CLANG_WARN_CONSTANT_CONVERSION = YES;
				CLANG_WARN_DEPRECATED_OBJC_IMPLEMENTATIONS = YES;
				CLANG_WARN_DIRECT_OBJC_ISA_USAGE = YES_ERROR;
				CLANG_WARN_DOCUMENTATION_COMMENTS = YES;
				CLANG_WARN_EMPTY_BODY = YES;
				CLANG_WARN_ENUM_CONVERSION = YES;
				CLANG_WARN_INFINITE_RECURSION = YES;
				CLANG_WARN_INT_CONVERSION = YES;
				CLANG_WARN_NON_LITERAL_NULL_CONVERSION = YES;
				CLANG_WARN_OBJC_IMPLICIT_RETAIN_SELF = YES;
				CLANG_WARN_OBJC_LITERAL_CONVERSION = YES;
				CLANG_WARN_OBJC_ROOT_CLASS = YES_ERROR;
				CLANG_WARN_QUOTED_INCLUDE_IN_FRAMEWORK_HEADER = YES;
				CLANG_WARN_RANGE_LOOP_ANALYSIS = YES;
				CLANG_WARN_STRICT_PROTOTYPES = YES;
				CLANG_WARN_SUSPICIOUS_MOVE = YES;
				CLANG_WARN_UNGUARDED_AVAILABILITY = YES_AGGRESSIVE;
				CLANG_WARN_UNREACHABLE_CODE = YES;
				CLANG_WARN__DUPLICATE_METHOD_MATCH = YES;
				COPY_PHASE_STRIP = NO;
				DEBUG_INFORMATION_FORMAT = dwarf;
				ENABLE_STRICT_OBJC_MSGSEND = YES;
				ENABLE_TESTABILITY = YES;
				ENABLE_USER_SCRIPT_SANDBOXING = YES;
				GCC_C_LANGUAGE_STANDARD = gnu17;
				GCC_DYNAMIC_NO_PIC = NO;
				GCC_NO_COMMON_BLOCKS = YES;
				GCC_OPTIMIZATION_LEVEL = 0;
				GCC_PREPROCESSOR_DEFINITIONS = (
					"DEBUG=1",
					"$(inherited)",
				);
				GCC_WARN_64_TO_32_BIT_CONVERSION = YES;
				GCC_WARN_ABOUT_RETURN_TYPE = YES_ERROR;
				GCC_WARN_UNDECLARED_SELECTOR = YES;
				GCC_WARN_UNINITIALIZED_AUTOS = YES_AGGRESSIVE;
				GCC_WARN_UNUSED_FUNCTION = YES;
				GCC_WARN_UNUSED_VARIABLE = YES;
				IPHONEOS_DEPLOYMENT_TARGET = 18.1;
				LOCALIZATION_PREFERS_STRING_CATALOGS = YES;
				MTL_ENABLE_DEBUG_INFO = INCLUDE_SOURCE;
				MTL_FAST_MATH = YES;
				ONLY_ACTIVE_ARCH = YES;
				SDKROOT = iphoneos;
				SWIFT_ACTIVE_COMPILATION_CONDITIONS = "DEBUG $(inherited)";
				SWIFT_OPTIMIZATION_LEVEL = "-Onone";
			};
			name = Debug;
		};
		BF292FCB2D0B477800BED4EC /* Release */ = {
			isa = XCBuildConfiguration;
			buildSettings = {
				ALWAYS_SEARCH_USER_PATHS = NO;
				ASSETCATALOG_COMPILER_GENERATE_SWIFT_ASSET_SYMBOL_EXTENSIONS = YES;
				CLANG_ANALYZER_NONNULL = YES;
				CLANG_ANALYZER_NUMBER_OBJECT_CONVERSION = YES_AGGRESSIVE;
				CLANG_CXX_LANGUAGE_STANDARD = "gnu++20";
				CLANG_ENABLE_MODULES = YES;
				CLANG_ENABLE_OBJC_ARC = YES;
				CLANG_ENABLE_OBJC_WEAK = YES;
				CLANG_WARN_BLOCK_CAPTURE_AUTORELEASING = YES;
				CLANG_WARN_BOOL_CONVERSION = YES;
				CLANG_WARN_COMMA = YES;
				CLANG_WARN_CONSTANT_CONVERSION = YES;
				CLANG_WARN_DEPRECATED_OBJC_IMPLEMENTATIONS = YES;
				CLANG_WARN_DIRECT_OBJC_ISA_USAGE = YES_ERROR;
				CLANG_WARN_DOCUMENTATION_COMMENTS = YES;
				CLANG_WARN_EMPTY_BODY = YES;
				CLANG_WARN_ENUM_CONVERSION = YES;
				CLANG_WARN_INFINITE_RECURSION = YES;
				CLANG_WARN_INT_CONVERSION = YES;
				CLANG_WARN_NON_LITERAL_NULL_CONVERSION = YES;
				CLANG_WARN_OBJC_IMPLICIT_RETAIN_SELF = YES;
				CLANG_WARN_OBJC_LITERAL_CONVERSION = YES;
				CLANG_WARN_OBJC_ROOT_CLASS = YES_ERROR;
				CLANG_WARN_QUOTED_INCLUDE_IN_FRAMEWORK_HEADER = YES;
				CLANG_WARN_RANGE_LOOP_ANALYSIS = YES;
				CLANG_WARN_STRICT_PROTOTYPES = YES;
				CLANG_WARN_SUSPICIOUS_MOVE = YES;
				CLANG_WARN_UNGUARDED_AVAILABILITY = YES_AGGRESSIVE;
				CLANG_WARN_UNREACHABLE_CODE = YES;
				CLANG_WARN__DUPLICATE_METHOD_MATCH = YES;
				COPY_PHASE_STRIP = NO;
				DEBUG_INFORMATION_FORMAT = "dwarf-with-dsym";
				ENABLE_NS_ASSERTIONS = NO;
				ENABLE_STRICT_OBJC_MSGSEND = YES;
				ENABLE_USER_SCRIPT_SANDBOXING = YES;
				GCC_C_LANGUAGE_STANDARD = gnu17;
				GCC_NO_COMMON_BLOCKS = YES;
				GCC_WARN_64_TO_32_BIT_CONVERSION = YES;
				GCC_WARN_ABOUT_RETURN_TYPE = YES_ERROR;
				GCC_WARN_UNDECLARED_SELECTOR = YES;
				GCC_WARN_UNINITIALIZED_AUTOS = YES_AGGRESSIVE;
				GCC_WARN_UNUSED_FUNCTION = YES;
				GCC_WARN_UNUSED_VARIABLE = YES;
				IPHONEOS_DEPLOYMENT_TARGET = 18.1;
				LOCALIZATION_PREFERS_STRING_CATALOGS = YES;
				MTL_ENABLE_DEBUG_INFO = NO;
				MTL_FAST_MATH = YES;
				SDKROOT = iphoneos;
				SWIFT_COMPILATION_MODE = wholemodule;
				VALIDATE_PRODUCT = YES;
			};
			name = Release;
		};
		BF292FCD2D0B477800BED4EC /* Debug */ = {
			isa = XCBuildConfiguration;
			buildSettings = {
				ASSETCATALOG_COMPILER_APPICON_NAME = AppIcon;
				ASSETCATALOG_COMPILER_GLOBAL_ACCENT_COLOR_NAME = AccentColor;
				CODE_SIGN_STYLE = Automatic;
				CURRENT_PROJECT_VERSION = 1;
				DEVELOPMENT_ASSET_PATHS = "\"FetchInterviewApp/Preview Content\"";
				ENABLE_PREVIEWS = YES;
				GENERATE_INFOPLIST_FILE = YES;
				INFOPLIST_KEY_UIApplicationSceneManifest_Generation = YES;
				INFOPLIST_KEY_UIApplicationSupportsIndirectInputEvents = YES;
				INFOPLIST_KEY_UILaunchScreen_Generation = YES;
				INFOPLIST_KEY_UISupportedInterfaceOrientations_iPad = "UIInterfaceOrientationPortrait UIInterfaceOrientationPortraitUpsideDown UIInterfaceOrientationLandscapeLeft UIInterfaceOrientationLandscapeRight";
				INFOPLIST_KEY_UISupportedInterfaceOrientations_iPhone = "UIInterfaceOrientationPortrait UIInterfaceOrientationLandscapeLeft UIInterfaceOrientationLandscapeRight";
				LD_RUNPATH_SEARCH_PATHS = (
					"$(inherited)",
					"@executable_path/Frameworks",
				);
				MARKETING_VERSION = 1.0;
				PRODUCT_BUNDLE_IDENTIFIER = Aleco.FetchInterviewApp;
				PRODUCT_NAME = "$(TARGET_NAME)";
				SWIFT_EMIT_LOC_STRINGS = YES;
				SWIFT_VERSION = 5.0;
				TARGETED_DEVICE_FAMILY = "1,2";
			};
			name = Debug;
		};
		BF292FCE2D0B477800BED4EC /* Release */ = {
			isa = XCBuildConfiguration;
			buildSettings = {
				ASSETCATALOG_COMPILER_APPICON_NAME = AppIcon;
				ASSETCATALOG_COMPILER_GLOBAL_ACCENT_COLOR_NAME = AccentColor;
				CODE_SIGN_STYLE = Automatic;
				CURRENT_PROJECT_VERSION = 1;
				DEVELOPMENT_ASSET_PATHS = "\"FetchInterviewApp/Preview Content\"";
				ENABLE_PREVIEWS = YES;
				GENERATE_INFOPLIST_FILE = YES;
				INFOPLIST_KEY_UIApplicationSceneManifest_Generation = YES;
				INFOPLIST_KEY_UIApplicationSupportsIndirectInputEvents = YES;
				INFOPLIST_KEY_UILaunchScreen_Generation = YES;
				INFOPLIST_KEY_UISupportedInterfaceOrientations_iPad = "UIInterfaceOrientationPortrait UIInterfaceOrientationPortraitUpsideDown UIInterfaceOrientationLandscapeLeft UIInterfaceOrientationLandscapeRight";
				INFOPLIST_KEY_UISupportedInterfaceOrientations_iPhone = "UIInterfaceOrientationPortrait UIInterfaceOrientationLandscapeLeft UIInterfaceOrientationLandscapeRight";
				LD_RUNPATH_SEARCH_PATHS = (
					"$(inherited)",
					"@executable_path/Frameworks",
				);
				MARKETING_VERSION = 1.0;
				PRODUCT_BUNDLE_IDENTIFIER = Aleco.FetchInterviewApp;
				PRODUCT_NAME = "$(TARGET_NAME)";
				SWIFT_EMIT_LOC_STRINGS = YES;
				SWIFT_VERSION = 5.0;
				TARGETED_DEVICE_FAMILY = "1,2";
			};
			name = Release;
		};
		BF292FD02D0B477800BED4EC /* Debug */ = {
			isa = XCBuildConfiguration;
			buildSettings = {
				BUNDLE_LOADER = "$(TEST_HOST)";
				CODE_SIGN_STYLE = Automatic;
				CURRENT_PROJECT_VERSION = 1;
				GENERATE_INFOPLIST_FILE = YES;
				IPHONEOS_DEPLOYMENT_TARGET = 18.1;
				MARKETING_VERSION = 1.0;
				PRODUCT_BUNDLE_IDENTIFIER = Aleco.FetchInterviewAppTests;
				PRODUCT_NAME = "$(TARGET_NAME)";
				SWIFT_EMIT_LOC_STRINGS = NO;
				SWIFT_VERSION = 5.0;
				TARGETED_DEVICE_FAMILY = "1,2";
				TEST_HOST = "$(BUILT_PRODUCTS_DIR)/FetchInterviewApp.app/$(BUNDLE_EXECUTABLE_FOLDER_PATH)/FetchInterviewApp";
			};
			name = Debug;
		};
		BF292FD12D0B477800BED4EC /* Release */ = {
			isa = XCBuildConfiguration;
			buildSettings = {
				BUNDLE_LOADER = "$(TEST_HOST)";
				CODE_SIGN_STYLE = Automatic;
				CURRENT_PROJECT_VERSION = 1;
				GENERATE_INFOPLIST_FILE = YES;
				IPHONEOS_DEPLOYMENT_TARGET = 18.1;
				MARKETING_VERSION = 1.0;
				PRODUCT_BUNDLE_IDENTIFIER = Aleco.FetchInterviewAppTests;
				PRODUCT_NAME = "$(TARGET_NAME)";
				SWIFT_EMIT_LOC_STRINGS = NO;
				SWIFT_VERSION = 5.0;
				TARGETED_DEVICE_FAMILY = "1,2";
				TEST_HOST = "$(BUILT_PRODUCTS_DIR)/FetchInterviewApp.app/$(BUNDLE_EXECUTABLE_FOLDER_PATH)/FetchInterviewApp";
			};
			name = Release;
		};
		BF292FD32D0B477800BED4EC /* Debug */ = {
			isa = XCBuildConfiguration;
			buildSettings = {
				CODE_SIGN_STYLE = Automatic;
				CURRENT_PROJECT_VERSION = 1;
				GENERATE_INFOPLIST_FILE = YES;
				MARKETING_VERSION = 1.0;
				PRODUCT_BUNDLE_IDENTIFIER = Aleco.FetchInterviewAppUITests;
				PRODUCT_NAME = "$(TARGET_NAME)";
				SWIFT_EMIT_LOC_STRINGS = NO;
				SWIFT_VERSION = 5.0;
				TARGETED_DEVICE_FAMILY = "1,2";
				TEST_TARGET_NAME = FetchInterviewApp;
			};
			name = Debug;
		};
		BF292FD42D0B477800BED4EC /* Release */ = {
			isa = XCBuildConfiguration;
			buildSettings = {
				CODE_SIGN_STYLE = Automatic;
				CURRENT_PROJECT_VERSION = 1;
				GENERATE_INFOPLIST_FILE = YES;
				MARKETING_VERSION = 1.0;
				PRODUCT_BUNDLE_IDENTIFIER = Aleco.FetchInterviewAppUITests;
				PRODUCT_NAME = "$(TARGET_NAME)";
				SWIFT_EMIT_LOC_STRINGS = NO;
				SWIFT_VERSION = 5.0;
				TARGETED_DEVICE_FAMILY = "1,2";
				TEST_TARGET_NAME = FetchInterviewApp;
			};
			name = Release;
		};
/* End XCBuildConfiguration section */

/* Begin XCConfigurationList section */
		BF292FA32D0B477500BED4EC /* Build configuration list for PBXProject "FetchInterviewApp" */ = {
			isa = XCConfigurationList;
			buildConfigurations = (
				BF292FCA2D0B477800BED4EC /* Debug */,
				BF292FCB2D0B477800BED4EC /* Release */,
			);
			defaultConfigurationIsVisible = 0;
			defaultConfigurationName = Release;
		};
		BF292FCC2D0B477800BED4EC /* Build configuration list for PBXNativeTarget "FetchInterviewApp" */ = {
			isa = XCConfigurationList;
			buildConfigurations = (
				BF292FCD2D0B477800BED4EC /* Debug */,
				BF292FCE2D0B477800BED4EC /* Release */,
			);
			defaultConfigurationIsVisible = 0;
			defaultConfigurationName = Release;
		};
		BF292FCF2D0B477800BED4EC /* Build configuration list for PBXNativeTarget "FetchInterviewAppTests" */ = {
			isa = XCConfigurationList;
			buildConfigurations = (
				BF292FD02D0B477800BED4EC /* Debug */,
				BF292FD12D0B477800BED4EC /* Release */,
			);
			defaultConfigurationIsVisible = 0;
			defaultConfigurationName = Release;
		};
		BF292FD22D0B477800BED4EC /* Build configuration list for PBXNativeTarget "FetchInterviewAppUITests" */ = {
			isa = XCConfigurationList;
			buildConfigurations = (
				BF292FD32D0B477800BED4EC /* Debug */,
				BF292FD42D0B477800BED4EC /* Release */,
			);
			defaultConfigurationIsVisible = 0;
			defaultConfigurationName = Release;
		};
/* End XCConfigurationList section */
	};
	rootObject = BF292FA02D0B477500BED4EC /* Project object */;
}
